
Microsoft Visual Studio Solution File, Format Version 12.00
# Visual Studio Version 16
VisualStudioVersion = 16.0.30907.101
MinimumVisualStudioVersion = 10.0.40219.1
Project("{FAE04EC0-301F-11D3-BF4B-00C04F79EFBC}") = "WebApplication1", "WebApplication1.csproj", "{57C525F6-27FF-4B3D-8B9B-D47D779BE0CF}"
EndProject
Global
	GlobalSection(SolutionConfigurationPlatforms) = preSolution
		Debug|Any CPU = Debug|Any CPU
		Release|Any CPU = Release|Any CPU
	EndGlobalSection
	GlobalSection(ProjectConfigurationPlatforms) = postSolution
		{57C525F6-27FF-4B3D-8B9B-D47D779BE0CF}.Debug|Any CPU.ActiveCfg = Debug|Any CPU
		{57C525F6-27FF-4B3D-8B9B-D47D779BE0CF}.Debug|Any CPU.Build.0 = Debug|Any CPU
		{57C525F6-27FF-4B3D-8B9B-D47D779BE0CF}.Release|Any CPU.ActiveCfg = Release|Any CPU
		{57C525F6-27FF-4B3D-8B9B-D47D779BE0CF}.Release|Any CPU.Build.0 = Release|Any CPU
	EndGlobalSection
	GlobalSection(SolutionProperties) = preSolution
		HideSolutionNode = FALSE
	EndGlobalSection
	GlobalSection(ExtensibilityGlobals) = postSolution
		SolutionGuid = {F4BBD767-34B2-4A87-9790-A8E685CB1BA3}
	EndGlobalSection
EndGlobal
